Microsoft Visual Studio Solution File, Format Version 12.00
# Visual Studio Version 17
VisualStudioVersion = 17.5.2.0
MinimumVisualStudioVersion = 10.0.40219.1
Project("{FAE04EC0-301F-11D3-BF4B-00C04F79EFBC}") = "FootballClubIS", "FootballClubIS\FootballClubIS.csproj", "{845C1A7D-8365-D5F4-5C87-1271A109DD33}"
EndProject
Global
	GlobalSection(SolutionConfigurationPlatforms) = preSolution
		Debug|Any CPU = Debug|Any CPU
		Release|Any CPU = Release|Any CPU
	EndGlobalSection
	GlobalSection(ProjectConfigurationPlatforms) = postSolution
		{845C1A7D-8365-D5F4-5C87-1271A109DD33}.Debug|Any CPU.ActiveCfg = Debug|Any CPU
		{845C1A7D-8365-D5F4-5C87-1271A109DD33}.Debug|Any CPU.Build.0 = Debug|Any CPU
		{845C1A7D-8365-D5F4-5C87-1271A109DD33}.Release|Any CPU.ActiveCfg = Release|Any CPU
		{845C1A7D-8365-D5F4-5C87-1271A109DD33}.Release|Any CPU.Build.0 = Release|Any CPU
	EndGlobalSection
	GlobalSection(SolutionProperties) = preSolution
		HideSolutionNode = FALSE
	EndGlobalSection
	GlobalSection(ExtensibilityGlobals) = postSolution
		SolutionGuid = {04921F89-A8C8-43C0-BC72-8DEC6079111D}
	EndGlobalSection
EndGlobal
